
Microsoft Visual Studio Solution File, Format Version 12.00
# Visual Studio Version 16
VisualStudioVersion = 16.0.30503.244
MinimumVisualStudioVersion = 10.0.40219.1
Project("{FAE04EC0-301F-11D3-BF4B-00C04F79EFBC}") = "Calculatrice", "Calculatrice\Calculatrice.csproj", "{0E1D54D2-E7A5-44E2-A8CC-F303EC34B0C8}"
EndProject
Project("{2150E333-8FDC-42A3-9474-1A3956D46DE8}") = "Phase 1", "Phase 1", "{05D0EEAC-7EF6-4ACD-AE0D-ED5B2CE3B127}"
EndProject
Project("{FAE04EC0-301F-11D3-BF4B-00C04F79EFBC}") = "ValidationSaisie", "ValidationSaisie\ValidationSaisie.csproj", "{41C6A739-2612-4C54-A5B2-194B34AE4D65}"
EndProject
Project("{2150E333-8FDC-42A3-9474-1A3956D46DE8}") = "Phase 2", "Phase 2", "{3619157E-669A-41F7-964B-1BB74DD7367F}"
EndProject
Project("{FAE04EC0-301F-11D3-BF4B-00C04F79EFBC}") = "ClassLibraryFacture", "ClassLibraryFacture\ClassLibraryFacture.csproj", "{3AF5F045-E5EF-4BFA-9D9F-AB1C4923A98B}"
EndProject
Project("{FAE04EC0-301F-11D3-BF4B-00C04F79EFBC}") = "ClassLibraryToolsVerification", "ClassLibraryToolsVerification\ClassLibraryToolsVerification.csproj", "{ACE157DD-E084-409C-B84F-3C86600D3657}"
EndProject
Project("{2150E333-8FDC-42A3-9474-1A3956D46DE8}") = "CultureInfo", "CultureInfo", "{1C18E914-0AEF-4AF9-A404-4EBB8F921726}"
EndProject
Project("{FAE04EC0-301F-11D3-BF4B-00C04F79EFBC}") = "ConsoleAppFonction2Information", "ConsoleAppFonction2Information\ConsoleAppFonction2Information.csproj", "{BE17CFCD-D4EE-4F5A-8A7B-46FD10E2A234}"
EndProject
Project("{2150E333-8FDC-42A3-9474-1A3956D46DE8}") = "Phase 3", "Phase 3", "{D7891986-C0A6-4E6A-B2FD-DD2099159ABB}"
EndProject
Project("{FAE04EC0-301F-11D3-BF4B-00C04F79EFBC}") = "CheckBoxEtRadioButton", "CheckBoxEtRadioButton\CheckBoxEtRadioButton.csproj", "{660FD615-CDBE-4D82-9A15-78DB5022DC4A}"
EndProject
Project("{2150E333-8FDC-42A3-9474-1A3956D46DE8}") = "CheckBoxEtRadioB", "CheckBoxEtRadioB", "{F2350B69-A4B9-4B68-BD75-E5C52A72BCEC}"
EndProject
Project("{2150E333-8FDC-42A3-9474-1A3956D46DE8}") = "LesListes", "LesListes", "{188CD9F9-31AF-4941-937D-CFC45D45AA49}"
EndProject
Project("{FAE04EC0-301F-11D3-BF4B-00C04F79EFBC}") = "LesListesEtProprietes", "LesListesEtProprietes\LesListesEtProprietes.csproj", "{AE63AE4F-4799-4F75-B641-FC838485F529}"
EndProject
Project("{FAE04EC0-301F-11D3-BF4B-00C04F79EFBC}") = "ListBoxComboBox", "ListBoxComboBox\ListBoxComboBox.csproj", "{A1E858DE-AA2F-433D-BC61-1CC291D5E746}"
EndProject
Project("{2150E333-8FDC-42A3-9474-1A3956D46DE8}") = "ListEtComboBox", "ListEtComboBox", "{8FD73639-9657-443D-91C0-D1C5381909C0}"
EndProject
Project("{FAE04EC0-301F-11D3-BF4B-00C04F79EFBC}") = "Defilement", "Defilement\Defilement.csproj", "{7EE50F45-1612-4AD1-A4CA-CD62695FBE65}"
EndProject
Project("{2150E333-8FDC-42A3-9474-1A3956D46DE8}") = "Defilement", "Defilement", "{ABF83CF8-FB8F-416D-978B-50273EB86818}"
EndProject
Project("{FAE04EC0-301F-11D3-BF4B-00C04F79EFBC}") = "CalculerPret", "CalculerPret\CalculerPret.csproj", "{252932EC-7E14-4CF9-A007-37E66ECAD892}"
EndProject
Project("{2150E333-8FDC-42A3-9474-1A3956D46DE8}") = "Synthese", "Synthese", "{4AAA972E-7E9B-411D-9D48-E75F8AA9F34A}"
EndProject
Project("{FAE04EC0-301F-11D3-BF4B-00C04F79EFBC}") = "ClassLibraryCalculPret", "ClassLibraryCalculPret\ClassLibraryCalculPret.csproj", "{A0CBEC46-7E42-4A30-9B6A-D6A655A99FF1}"
EndProject
Global
	GlobalSection(SolutionConfigurationPlatforms) = preSolution
		Debug|Any CPU = Debug|Any CPU
		Release|Any CPU = Release|Any CPU
	EndGlobalSection
	GlobalSection(ProjectConfigurationPlatforms) = postSolution
		{0E1D54D2-E7A5-44E2-A8CC-F303EC34B0C8}.Debug|Any CPU.ActiveCfg = Debug|Any CPU
		{0E1D54D2-E7A5-44E2-A8CC-F303EC34B0C8}.Debug|Any CPU.Build.0 = Debug|Any CPU
		{0E1D54D2-E7A5-44E2-A8CC-F303EC34B0C8}.Release|Any CPU.ActiveCfg = Release|Any CPU
		{0E1D54D2-E7A5-44E2-A8CC-F303EC34B0C8}.Release|Any CPU.Build.0 = Release|Any CPU
		{41C6A739-2612-4C54-A5B2-194B34AE4D65}.Debug|Any CPU.ActiveCfg = Debug|Any CPU
		{41C6A739-2612-4C54-A5B2-194B34AE4D65}.Debug|Any CPU.Build.0 = Debug|Any CPU
		{41C6A739-2612-4C54-A5B2-194B34AE4D65}.Release|Any CPU.ActiveCfg = Release|Any CPU
		{41C6A739-2612-4C54-A5B2-194B34AE4D65}.Release|Any CPU.Build.0 = Release|Any CPU
		{3AF5F045-E5EF-4BFA-9D9F-AB1C4923A98B}.Debug|Any CPU.ActiveCfg = Debug|Any CPU
		{3AF5F045-E5EF-4BFA-9D9F-AB1C4923A98B}.Debug|Any CPU.Build.0 = Debug|Any CPU
		{3AF5F045-E5EF-4BFA-9D9F-AB1C4923A98B}.Release|Any CPU.ActiveCfg = Release|Any CPU
		{3AF5F045-E5EF-4BFA-9D9F-AB1C4923A98B}.Release|Any CPU.Build.0 = Release|Any CPU
		{ACE157DD-E084-409C-B84F-3C86600D3657}.Debug|Any CPU.ActiveCfg = Debug|Any CPU
		{ACE157DD-E084-409C-B84F-3C86600D3657}.Debug|Any CPU.Build.0 = Debug|Any CPU
		{ACE157DD-E084-409C-B84F-3C86600D3657}.Release|Any CPU.ActiveCfg = Release|Any CPU
		{ACE157DD-E084-409C-B84F-3C86600D3657}.Release|Any CPU.Build.0 = Release|Any CPU
		{BE17CFCD-D4EE-4F5A-8A7B-46FD10E2A234}.Debug|Any CPU.ActiveCfg = Debug|Any CPU
		{BE17CFCD-D4EE-4F5A-8A7B-46FD10E2A234}.Debug|Any CPU.Build.0 = Debug|Any CPU
		{BE17CFCD-D4EE-4F5A-8A7B-46FD10E2A234}.Release|Any CPU.ActiveCfg = Release|Any CPU
		{BE17CFCD-D4EE-4F5A-8A7B-46FD10E2A234}.Release|Any CPU.Build.0 = Release|Any CPU
		{660FD615-CDBE-4D82-9A15-78DB5022DC4A}.Debug|Any CPU.ActiveCfg = Debug|Any CPU
		{660FD615-CDBE-4D82-9A15-78DB5022DC4A}.Debug|Any CPU.Build.0 = Debug|Any CPU
		{660FD615-CDBE-4D82-9A15-78DB5022DC4A}.Release|Any CPU.ActiveCfg = Release|Any CPU
		{660FD615-CDBE-4D82-9A15-78DB5022DC4A}.Release|Any CPU.Build.0 = Release|Any CPU
		{AE63AE4F-4799-4F75-B641-FC838485F529}.Debug|Any CPU.ActiveCfg = Debug|Any CPU
		{AE63AE4F-4799-4F75-B641-FC838485F529}.Debug|Any CPU.Build.0 = Debug|Any CPU
		{AE63AE4F-4799-4F75-B641-FC838485F529}.Release|Any CPU.ActiveCfg = Release|Any CPU
		{AE63AE4F-4799-4F75-B641-FC838485F529}.Release|Any CPU.Build.0 = Release|Any CPU
		{A1E858DE-AA2F-433D-BC61-1CC291D5E746}.Debug|Any CPU.ActiveCfg = Debug|Any CPU
		{A1E858DE-AA2F-433D-BC61-1CC291D5E746}.Debug|Any CPU.Build.0 = Debug|Any CPU
		{A1E858DE-AA2F-433D-BC61-1CC291D5E746}.Release|Any CPU.ActiveCfg = Release|Any CPU
		{A1E858DE-AA2F-433D-BC61-1CC291D5E746}.Release|Any CPU.Build.0 = Release|Any CPU
		{7EE50F45-1612-4AD1-A4CA-CD62695FBE65}.Debug|Any CPU.ActiveCfg = Debug|Any CPU
		{7EE50F45-1612-4AD1-A4CA-CD62695FBE65}.Debug|Any CPU.Build.0 = Debug|Any CPU
		{7EE50F45-1612-4AD1-A4CA-CD62695FBE65}.Release|Any CPU.ActiveCfg = Release|Any CPU
		{7EE50F45-1612-4AD1-A4CA-CD62695FBE65}.Release|Any CPU.Build.0 = Release|Any CPU
		{252932EC-7E14-4CF9-A007-37E66ECAD892}.Debug|Any CPU.ActiveCfg = Debug|Any CPU
		{252932EC-7E14-4CF9-A007-37E66ECAD892}.Debug|Any CPU.Build.0 = Debug|Any CPU
		{252932EC-7E14-4CF9-A007-37E66ECAD892}.Release|Any CPU.ActiveCfg = Release|Any CPU
		{252932EC-7E14-4CF9-A007-37E66ECAD892}.Release|Any CPU.Build.0 = Release|Any CPU
		{A0CBEC46-7E42-4A30-9B6A-D6A655A99FF1}.Debug|Any CPU.ActiveCfg = Debug|Any CPU
		{A0CBEC46-7E42-4A30-9B6A-D6A655A99FF1}.Debug|Any CPU.Build.0 = Debug|Any CPU
		{A0CBEC46-7E42-4A30-9B6A-D6A655A99FF1}.Release|Any CPU.ActiveCfg = Release|Any CPU
		{A0CBEC46-7E42-4A30-9B6A-D6A655A99FF1}.Release|Any CPU.Build.0 = Release|Any CPU
	EndGlobalSection
	GlobalSection(SolutionProperties) = preSolution
		HideSolutionNode = FALSE
	EndGlobalSection
	GlobalSection(NestedProjects) = preSolution
		{0E1D54D2-E7A5-44E2-A8CC-F303EC34B0C8} = {05D0EEAC-7EF6-4ACD-AE0D-ED5B2CE3B127}
		{41C6A739-2612-4C54-A5B2-194B34AE4D65} = {3619157E-669A-41F7-964B-1BB74DD7367F}
		{3AF5F045-E5EF-4BFA-9D9F-AB1C4923A98B} = {3619157E-669A-41F7-964B-1BB74DD7367F}
		{ACE157DD-E084-409C-B84F-3C86600D3657} = {3619157E-669A-41F7-964B-1BB74DD7367F}
		{BE17CFCD-D4EE-4F5A-8A7B-46FD10E2A234} = {1C18E914-0AEF-4AF9-A404-4EBB8F921726}
		{660FD615-CDBE-4D82-9A15-78DB5022DC4A} = {F2350B69-A4B9-4B68-BD75-E5C52A72BCEC}
		{F2350B69-A4B9-4B68-BD75-E5C52A72BCEC} = {D7891986-C0A6-4E6A-B2FD-DD2099159ABB}
		{188CD9F9-31AF-4941-937D-CFC45D45AA49} = {D7891986-C0A6-4E6A-B2FD-DD2099159ABB}
		{AE63AE4F-4799-4F75-B641-FC838485F529} = {188CD9F9-31AF-4941-937D-CFC45D45AA49}
		{A1E858DE-AA2F-433D-BC61-1CC291D5E746} = {8FD73639-9657-443D-91C0-D1C5381909C0}
		{8FD73639-9657-443D-91C0-D1C5381909C0} = {D7891986-C0A6-4E6A-B2FD-DD2099159ABB}
		{7EE50F45-1612-4AD1-A4CA-CD62695FBE65} = {ABF83CF8-FB8F-416D-978B-50273EB86818}
		{ABF83CF8-FB8F-416D-978B-50273EB86818} = {D7891986-C0A6-4E6A-B2FD-DD2099159ABB}
		{252932EC-7E14-4CF9-A007-37E66ECAD892} = {4AAA972E-7E9B-411D-9D48-E75F8AA9F34A}
		{4AAA972E-7E9B-411D-9D48-E75F8AA9F34A} = {D7891986-C0A6-4E6A-B2FD-DD2099159ABB}
		{A0CBEC46-7E42-4A30-9B6A-D6A655A99FF1} = {4AAA972E-7E9B-411D-9D48-E75F8AA9F34A}
	EndGlobalSection
	GlobalSection(ExtensibilityGlobals) = postSolution
		SolutionGuid = {18FB61CE-8F67-48AB-A760-0D1F1BD00CD1}
	EndGlobalSection
EndGlobal
