
Microsoft Visual Studio Solution File, Format Version 12.00
# Visual Studio Version 16
VisualStudioVersion = 16.0.30907.101
MinimumVisualStudioVersion = 10.0.40219.1
Project("{FAE04EC0-301F-11D3-BF4B-00C04F79EFBC}") = "ClassLibraryFigures", "ClassLibraryFigures\ClassLibraryFigures.csproj", "{7E48C13E-5FE1-4754-9BEC-EB229FE13F1F}"
EndProject
Project("{FAE04EC0-301F-11D3-BF4B-00C04F79EFBC}") = "ConsoleAppFigures", "ConsoleAppFigures\ConsoleAppFigures.csproj", "{597C66C4-F64A-4C0C-919F-91AD646203A2}"
EndProject
Global
	GlobalSection(SolutionConfigurationPlatforms) = preSolution
		Debug|Any CPU = Debug|Any CPU
		Release|Any CPU = Release|Any CPU
	EndGlobalSection
	GlobalSection(ProjectConfigurationPlatforms) = postSolution
		{7E48C13E-5FE1-4754-9BEC-EB229FE13F1F}.Debug|Any CPU.ActiveCfg = Debug|Any CPU
		{7E48C13E-5FE1-4754-9BEC-EB229FE13F1F}.Debug|Any CPU.Build.0 = Debug|Any CPU
		{7E48C13E-5FE1-4754-9BEC-EB229FE13F1F}.Release|Any CPU.ActiveCfg = Release|Any CPU
		{7E48C13E-5FE1-4754-9BEC-EB229FE13F1F}.Release|Any CPU.Build.0 = Release|Any CPU
		{597C66C4-F64A-4C0C-919F-91AD646203A2}.Debug|Any CPU.ActiveCfg = Debug|Any CPU
		{597C66C4-F64A-4C0C-919F-91AD646203A2}.Debug|Any CPU.Build.0 = Debug|Any CPU
		{597C66C4-F64A-4C0C-919F-91AD646203A2}.Release|Any CPU.ActiveCfg = Release|Any CPU
		{597C66C4-F64A-4C0C-919F-91AD646203A2}.Release|Any CPU.Build.0 = Release|Any CPU
	EndGlobalSection
	GlobalSection(SolutionProperties) = preSolution
		HideSolutionNode = FALSE
	EndGlobalSection
	GlobalSection(ExtensibilityGlobals) = postSolution
		SolutionGuid = {E26E0E8E-8AE5-45AE-91C1-B751CA35C2FF}
	EndGlobalSection
EndGlobal
