
Microsoft Visual Studio Solution File, Format Version 12.00
# Visual Studio Version 16
VisualStudioVersion = 16.0.30523.141
MinimumVisualStudioVersion = 10.0.40219.1
Project("{FAE04EC0-301F-11D3-BF4B-00C04F79EFBC}") = "ClassLibraryBouteille", "ClassLibraryBouteille\ClassLibraryBouteille.csproj", "{AA143A38-C78C-4502-B0BC-2854856B11DC}"
EndProject
Project("{2150E333-8FDC-42A3-9474-1A3956D46DE8}") = "Bouteille", "Bouteille", "{891A9678-DEB4-4C4B-ABCE-9B1383224A90}"
EndProject
Project("{FAE04EC0-301F-11D3-BF4B-00C04F79EFBC}") = "ClassLibraryLepidoptere", "ClassLibraryLepidoptere\ClassLibraryLepidoptere.csproj", "{BA45E46B-839E-4B40-ABD1-22F79A5D3F70}"
EndProject
Project("{FAE04EC0-301F-11D3-BF4B-00C04F79EFBC}") = "ConsoleAppTestLepidoptere", "ConsoleAppTestLepidoptere\ConsoleAppTestLepidoptere.csproj", "{AC7A4A75-1014-4A0A-BE89-4548B8876CBC}"
EndProject
Global
	GlobalSection(SolutionConfigurationPlatforms) = preSolution
		Debug|Any CPU = Debug|Any CPU
		Release|Any CPU = Release|Any CPU
	EndGlobalSection
	GlobalSection(ProjectConfigurationPlatforms) = postSolution
		{AA143A38-C78C-4502-B0BC-2854856B11DC}.Debug|Any CPU.ActiveCfg = Debug|Any CPU
		{AA143A38-C78C-4502-B0BC-2854856B11DC}.Debug|Any CPU.Build.0 = Debug|Any CPU
		{AA143A38-C78C-4502-B0BC-2854856B11DC}.Release|Any CPU.ActiveCfg = Release|Any CPU
		{AA143A38-C78C-4502-B0BC-2854856B11DC}.Release|Any CPU.Build.0 = Release|Any CPU
		{BA45E46B-839E-4B40-ABD1-22F79A5D3F70}.Debug|Any CPU.ActiveCfg = Debug|Any CPU
		{BA45E46B-839E-4B40-ABD1-22F79A5D3F70}.Debug|Any CPU.Build.0 = Debug|Any CPU
		{BA45E46B-839E-4B40-ABD1-22F79A5D3F70}.Release|Any CPU.ActiveCfg = Release|Any CPU
		{BA45E46B-839E-4B40-ABD1-22F79A5D3F70}.Release|Any CPU.Build.0 = Release|Any CPU
		{AC7A4A75-1014-4A0A-BE89-4548B8876CBC}.Debug|Any CPU.ActiveCfg = Debug|Any CPU
		{AC7A4A75-1014-4A0A-BE89-4548B8876CBC}.Debug|Any CPU.Build.0 = Debug|Any CPU
		{AC7A4A75-1014-4A0A-BE89-4548B8876CBC}.Release|Any CPU.ActiveCfg = Release|Any CPU
		{AC7A4A75-1014-4A0A-BE89-4548B8876CBC}.Release|Any CPU.Build.0 = Release|Any CPU
	EndGlobalSection
	GlobalSection(SolutionProperties) = preSolution
		HideSolutionNode = FALSE
	EndGlobalSection
	GlobalSection(NestedProjects) = preSolution
		{AA143A38-C78C-4502-B0BC-2854856B11DC} = {891A9678-DEB4-4C4B-ABCE-9B1383224A90}
	EndGlobalSection
	GlobalSection(ExtensibilityGlobals) = postSolution
		SolutionGuid = {FDB76BB7-F7F8-4C55-AC93-096F2DA344B0}
	EndGlobalSection
EndGlobal
