
Microsoft Visual Studio Solution File, Format Version 12.00
# Visual Studio Version 16
VisualStudioVersion = 16.0.30523.141
MinimumVisualStudioVersion = 10.0.40219.1
Project("{FAE04EC0-301F-11D3-BF4B-00C04F79EFBC}") = "ClassLibraryBouteille", "ClassLibraryBouteille\ClassLibraryBouteille.csproj", "{AA143A38-C78C-4502-B0BC-2854856B11DC}"
EndProject
Project("{2150E333-8FDC-42A3-9474-1A3956D46DE8}") = "Bouteille", "Bouteille", "{891A9678-DEB4-4C4B-ABCE-9B1383224A90}"
EndProject
Project("{FAE04EC0-301F-11D3-BF4B-00C04F79EFBC}") = "ClassLibraryLepidoptere", "ClassLibraryLepidoptere\ClassLibraryLepidoptere.csproj", "{BA45E46B-839E-4B40-ABD1-22F79A5D3F70}"
EndProject
Project("{2150E333-8FDC-42A3-9474-1A3956D46DE8}") = "Lepidoptere", "Lepidoptere", "{E2606285-B718-4EA1-BAAD-B395A78D7EF1}"
EndProject
Project("{FAE04EC0-301F-11D3-BF4B-00C04F79EFBC}") = "ConsoleAppTestLepidoptere", "ConsoleAppTestLepidoptere\ConsoleAppTestLepidoptere.csproj", "{4ACA7290-5342-4BE1-B7A1-FB3D73557911}"
EndProject
Project("{2150E333-8FDC-42A3-9474-1A3956D46DE8}") = "TestLepidoptere", "TestLepidoptere", "{C4D54566-D6BC-4C9E-AF12-DEB098B0796D}"
EndProject
Project("{FAE04EC0-301F-11D3-BF4B-00C04F79EFBC}") = "ClassLibraryZoo", "ClassLibraryZoo\ClassLibraryZoo.csproj", "{7CA99466-87E2-4637-92BD-C873F7E56A3A}"
EndProject
Project("{2150E333-8FDC-42A3-9474-1A3956D46DE8}") = "Zoo", "Zoo", "{6E4F7699-3B29-4D34-BB09-66A0EF11DE50}"
EndProject
Project("{FAE04EC0-301F-11D3-BF4B-00C04F79EFBC}") = "ConsoleAppTestZoo", "ConsoleAppTestZoo\ConsoleAppTestZoo.csproj", "{DA8170F4-3437-40E8-9022-E197AF88A636}"
EndProject
Project("{FAE04EC0-301F-11D3-BF4B-00C04F79EFBC}") = "ConsoleAppTestSortTableau", "ConsoleAppTestSortTableau\ConsoleAppTestSortTableau.csproj", "{6782AE38-1FC9-4B7F-BAD0-CE236B84672F}"
EndProject
Project("{FAE04EC0-301F-11D3-BF4B-00C04F79EFBC}") = "ClassLibraryForet", "ClassLibraryForet\ClassLibraryForet.csproj", "{CC6439E7-6475-4E48-BAA7-BD729EEBA072}"
EndProject
Project("{2150E333-8FDC-42A3-9474-1A3956D46DE8}") = "FeuilleDAutomne", "FeuilleDAutomne", "{0D840B26-6CB3-420B-B0EA-E8DDD471F401}"
EndProject
Project("{FAE04EC0-301F-11D3-BF4B-00C04F79EFBC}") = "ConsoleAppTestForet", "ConsoleAppTestForet\ConsoleAppTestForet.csproj", "{3AB49736-256A-4E14-8785-E0C1F80778BD}"
EndProject
Project("{FAE04EC0-301F-11D3-BF4B-00C04F79EFBC}") = "ConsoleAppCreationDUneException", "ConsoleAppCreationDUneException\ConsoleAppCreationDUneException.csproj", "{3886AFFC-27A2-4D2A-A982-50CB251F1953}"
EndProject
Project("{2150E333-8FDC-42A3-9474-1A3956D46DE8}") = "CreationDUneException", "CreationDUneException", "{51D6B620-5263-43AF-8DD0-A53053398580}"
EndProject
Project("{2150E333-8FDC-42A3-9474-1A3956D46DE8}") = "DelegateEtEvenement", "DelegateEtEvenement", "{A98DE30E-5502-4710-BB27-956CF16F695A}"
EndProject
Project("{FAE04EC0-301F-11D3-BF4B-00C04F79EFBC}") = "ClassLibraryTemp", "ClassLibraryMeteo\ClassLibraryTemp.csproj", "{1CE09C65-9508-4EC3-9CBA-42B29D4DC5EA}"
EndProject
Project("{FAE04EC0-301F-11D3-BF4B-00C04F79EFBC}") = "ConsoleAppHumain", "ConsoleAppHumain\ConsoleAppHumain.csproj", "{BB440130-D733-46EF-B4F8-251AA600CF25}"
EndProject
Project("{FAE04EC0-301F-11D3-BF4B-00C04F79EFBC}") = "ConsoleAppMeteo", "ConsoleAppMeteo\ConsoleAppMeteo.csproj", "{74EB1751-262E-4E3D-97D8-F62F050F32B3}"
EndProject
Project("{FAE04EC0-301F-11D3-BF4B-00C04F79EFBC}") = "Test_Thread", "Test_Thread\Test_Thread.csproj", "{7E516523-9889-4280-A368-FBADDE26DD2E}"
EndProject
Project("{2150E333-8FDC-42A3-9474-1A3956D46DE8}") = "Thread", "Thread", "{274CA91C-CE21-4C4D-92FE-94C9A21F3F54}"
EndProject
Project("{FAE04EC0-301F-11D3-BF4B-00C04F79EFBC}") = "ToutEmbal", "ToutEmbal\ToutEmbal.csproj", "{E1EE6B5A-68F8-418F-A35C-B10F8D61D9D6}"
EndProject
Project("{FAE04EC0-301F-11D3-BF4B-00C04F79EFBC}") = "AsynchronousDelegates", "AsynchronousDelegates\AsynchronousDelegates.csproj", "{DA627BDF-D61E-4B15-B5FE-E9A5F28DD377}"
EndProject
Global
	GlobalSection(SolutionConfigurationPlatforms) = preSolution
		Debug|Any CPU = Debug|Any CPU
		Release|Any CPU = Release|Any CPU
	EndGlobalSection
	GlobalSection(ProjectConfigurationPlatforms) = postSolution
		{AA143A38-C78C-4502-B0BC-2854856B11DC}.Debug|Any CPU.ActiveCfg = Debug|Any CPU
		{AA143A38-C78C-4502-B0BC-2854856B11DC}.Debug|Any CPU.Build.0 = Debug|Any CPU
		{AA143A38-C78C-4502-B0BC-2854856B11DC}.Release|Any CPU.ActiveCfg = Release|Any CPU
		{AA143A38-C78C-4502-B0BC-2854856B11DC}.Release|Any CPU.Build.0 = Release|Any CPU
		{BA45E46B-839E-4B40-ABD1-22F79A5D3F70}.Debug|Any CPU.ActiveCfg = Debug|Any CPU
		{BA45E46B-839E-4B40-ABD1-22F79A5D3F70}.Debug|Any CPU.Build.0 = Debug|Any CPU
		{BA45E46B-839E-4B40-ABD1-22F79A5D3F70}.Release|Any CPU.ActiveCfg = Release|Any CPU
		{BA45E46B-839E-4B40-ABD1-22F79A5D3F70}.Release|Any CPU.Build.0 = Release|Any CPU
		{4ACA7290-5342-4BE1-B7A1-FB3D73557911}.Debug|Any CPU.ActiveCfg = Debug|Any CPU
		{4ACA7290-5342-4BE1-B7A1-FB3D73557911}.Debug|Any CPU.Build.0 = Debug|Any CPU
		{4ACA7290-5342-4BE1-B7A1-FB3D73557911}.Release|Any CPU.ActiveCfg = Release|Any CPU
		{4ACA7290-5342-4BE1-B7A1-FB3D73557911}.Release|Any CPU.Build.0 = Release|Any CPU
		{7CA99466-87E2-4637-92BD-C873F7E56A3A}.Debug|Any CPU.ActiveCfg = Debug|Any CPU
		{7CA99466-87E2-4637-92BD-C873F7E56A3A}.Debug|Any CPU.Build.0 = Debug|Any CPU
		{7CA99466-87E2-4637-92BD-C873F7E56A3A}.Release|Any CPU.ActiveCfg = Release|Any CPU
		{7CA99466-87E2-4637-92BD-C873F7E56A3A}.Release|Any CPU.Build.0 = Release|Any CPU
		{DA8170F4-3437-40E8-9022-E197AF88A636}.Debug|Any CPU.ActiveCfg = Debug|Any CPU
		{DA8170F4-3437-40E8-9022-E197AF88A636}.Debug|Any CPU.Build.0 = Debug|Any CPU
		{DA8170F4-3437-40E8-9022-E197AF88A636}.Release|Any CPU.ActiveCfg = Release|Any CPU
		{DA8170F4-3437-40E8-9022-E197AF88A636}.Release|Any CPU.Build.0 = Release|Any CPU
		{6782AE38-1FC9-4B7F-BAD0-CE236B84672F}.Debug|Any CPU.ActiveCfg = Debug|Any CPU
		{6782AE38-1FC9-4B7F-BAD0-CE236B84672F}.Debug|Any CPU.Build.0 = Debug|Any CPU
		{6782AE38-1FC9-4B7F-BAD0-CE236B84672F}.Release|Any CPU.ActiveCfg = Release|Any CPU
		{6782AE38-1FC9-4B7F-BAD0-CE236B84672F}.Release|Any CPU.Build.0 = Release|Any CPU
		{CC6439E7-6475-4E48-BAA7-BD729EEBA072}.Debug|Any CPU.ActiveCfg = Debug|Any CPU
		{CC6439E7-6475-4E48-BAA7-BD729EEBA072}.Debug|Any CPU.Build.0 = Debug|Any CPU
		{CC6439E7-6475-4E48-BAA7-BD729EEBA072}.Release|Any CPU.ActiveCfg = Release|Any CPU
		{CC6439E7-6475-4E48-BAA7-BD729EEBA072}.Release|Any CPU.Build.0 = Release|Any CPU
		{3AB49736-256A-4E14-8785-E0C1F80778BD}.Debug|Any CPU.ActiveCfg = Debug|Any CPU
		{3AB49736-256A-4E14-8785-E0C1F80778BD}.Debug|Any CPU.Build.0 = Debug|Any CPU
		{3AB49736-256A-4E14-8785-E0C1F80778BD}.Release|Any CPU.ActiveCfg = Release|Any CPU
		{3AB49736-256A-4E14-8785-E0C1F80778BD}.Release|Any CPU.Build.0 = Release|Any CPU
		{3886AFFC-27A2-4D2A-A982-50CB251F1953}.Debug|Any CPU.ActiveCfg = Debug|Any CPU
		{3886AFFC-27A2-4D2A-A982-50CB251F1953}.Debug|Any CPU.Build.0 = Debug|Any CPU
		{3886AFFC-27A2-4D2A-A982-50CB251F1953}.Release|Any CPU.ActiveCfg = Release|Any CPU
		{3886AFFC-27A2-4D2A-A982-50CB251F1953}.Release|Any CPU.Build.0 = Release|Any CPU
		{1CE09C65-9508-4EC3-9CBA-42B29D4DC5EA}.Debug|Any CPU.ActiveCfg = Debug|Any CPU
		{1CE09C65-9508-4EC3-9CBA-42B29D4DC5EA}.Debug|Any CPU.Build.0 = Debug|Any CPU
		{1CE09C65-9508-4EC3-9CBA-42B29D4DC5EA}.Release|Any CPU.ActiveCfg = Release|Any CPU
		{1CE09C65-9508-4EC3-9CBA-42B29D4DC5EA}.Release|Any CPU.Build.0 = Release|Any CPU
		{BB440130-D733-46EF-B4F8-251AA600CF25}.Debug|Any CPU.ActiveCfg = Debug|Any CPU
		{BB440130-D733-46EF-B4F8-251AA600CF25}.Debug|Any CPU.Build.0 = Debug|Any CPU
		{BB440130-D733-46EF-B4F8-251AA600CF25}.Release|Any CPU.ActiveCfg = Release|Any CPU
		{BB440130-D733-46EF-B4F8-251AA600CF25}.Release|Any CPU.Build.0 = Release|Any CPU
		{74EB1751-262E-4E3D-97D8-F62F050F32B3}.Debug|Any CPU.ActiveCfg = Debug|Any CPU
		{74EB1751-262E-4E3D-97D8-F62F050F32B3}.Debug|Any CPU.Build.0 = Debug|Any CPU
		{74EB1751-262E-4E3D-97D8-F62F050F32B3}.Release|Any CPU.ActiveCfg = Release|Any CPU
		{74EB1751-262E-4E3D-97D8-F62F050F32B3}.Release|Any CPU.Build.0 = Release|Any CPU
		{7E516523-9889-4280-A368-FBADDE26DD2E}.Debug|Any CPU.ActiveCfg = Debug|Any CPU
		{7E516523-9889-4280-A368-FBADDE26DD2E}.Debug|Any CPU.Build.0 = Debug|Any CPU
		{7E516523-9889-4280-A368-FBADDE26DD2E}.Release|Any CPU.ActiveCfg = Release|Any CPU
		{7E516523-9889-4280-A368-FBADDE26DD2E}.Release|Any CPU.Build.0 = Release|Any CPU
		{E1EE6B5A-68F8-418F-A35C-B10F8D61D9D6}.Debug|Any CPU.ActiveCfg = Debug|Any CPU
		{E1EE6B5A-68F8-418F-A35C-B10F8D61D9D6}.Debug|Any CPU.Build.0 = Debug|Any CPU
		{E1EE6B5A-68F8-418F-A35C-B10F8D61D9D6}.Release|Any CPU.ActiveCfg = Release|Any CPU
		{E1EE6B5A-68F8-418F-A35C-B10F8D61D9D6}.Release|Any CPU.Build.0 = Release|Any CPU
		{DA627BDF-D61E-4B15-B5FE-E9A5F28DD377}.Debug|Any CPU.ActiveCfg = Debug|Any CPU
		{DA627BDF-D61E-4B15-B5FE-E9A5F28DD377}.Debug|Any CPU.Build.0 = Debug|Any CPU
		{DA627BDF-D61E-4B15-B5FE-E9A5F28DD377}.Release|Any CPU.ActiveCfg = Release|Any CPU
		{DA627BDF-D61E-4B15-B5FE-E9A5F28DD377}.Release|Any CPU.Build.0 = Release|Any CPU
	EndGlobalSection
	GlobalSection(SolutionProperties) = preSolution
		HideSolutionNode = FALSE
	EndGlobalSection
	GlobalSection(NestedProjects) = preSolution
		{AA143A38-C78C-4502-B0BC-2854856B11DC} = {891A9678-DEB4-4C4B-ABCE-9B1383224A90}
		{BA45E46B-839E-4B40-ABD1-22F79A5D3F70} = {E2606285-B718-4EA1-BAAD-B395A78D7EF1}
		{4ACA7290-5342-4BE1-B7A1-FB3D73557911} = {C4D54566-D6BC-4C9E-AF12-DEB098B0796D}
		{7CA99466-87E2-4637-92BD-C873F7E56A3A} = {6E4F7699-3B29-4D34-BB09-66A0EF11DE50}
		{DA8170F4-3437-40E8-9022-E197AF88A636} = {6E4F7699-3B29-4D34-BB09-66A0EF11DE50}
		{CC6439E7-6475-4E48-BAA7-BD729EEBA072} = {0D840B26-6CB3-420B-B0EA-E8DDD471F401}
		{3AB49736-256A-4E14-8785-E0C1F80778BD} = {0D840B26-6CB3-420B-B0EA-E8DDD471F401}
		{3886AFFC-27A2-4D2A-A982-50CB251F1953} = {51D6B620-5263-43AF-8DD0-A53053398580}
		{1CE09C65-9508-4EC3-9CBA-42B29D4DC5EA} = {A98DE30E-5502-4710-BB27-956CF16F695A}
		{BB440130-D733-46EF-B4F8-251AA600CF25} = {A98DE30E-5502-4710-BB27-956CF16F695A}
		{74EB1751-262E-4E3D-97D8-F62F050F32B3} = {A98DE30E-5502-4710-BB27-956CF16F695A}
		{7E516523-9889-4280-A368-FBADDE26DD2E} = {274CA91C-CE21-4C4D-92FE-94C9A21F3F54}
		{DA627BDF-D61E-4B15-B5FE-E9A5F28DD377} = {274CA91C-CE21-4C4D-92FE-94C9A21F3F54}
	EndGlobalSection
	GlobalSection(ExtensibilityGlobals) = postSolution
		SolutionGuid = {FDB76BB7-F7F8-4C55-AC93-096F2DA344B0}
	EndGlobalSection
EndGlobal
